
Microsoft Visual Studio Solution File, Format Version 12.00
# Visual Studio Version 17
VisualStudioVersion = 17.3.32929.385
MinimumVisualStudioVersion = 10.0.40219.1
Project("{2150E333-8FDC-42A3-9474-1A3956D46DE8}") = "src", "src", "{C098B654-3567-4F5A-B872-F11870BB6820}"
EndProject
Project("{2150E333-8FDC-42A3-9474-1A3956D46DE8}") = "Services", "Services", "{442BA88A-8860-40AF-89BF-50605FBC3978}"
EndProject
Project("{2150E333-8FDC-42A3-9474-1A3956D46DE8}") = "Identity", "Identity", "{8094D405-6987-4D41-B046-740C4888EFA6}"
EndProject
Project("{9A19103F-16F7-4668-BE54-9A1E7A4F7556}") = "Identity.Infrastructure", "src\Services\Identity\Identity.Infrastructure\Identity.Infrastructure.csproj", "{68E3AEE5-D55E-410F-BD61-27A2414A9F80}"
EndProject
Project("{9A19103F-16F7-4668-BE54-9A1E7A4F7556}") = "Identity.Domain", "src\Services\Identity\Identity.Domain\Identity.Domain.csproj", "{350532BD-31DB-4643-AA38-6BDEFA3D5485}"
EndProject
Project("{9A19103F-16F7-4668-BE54-9A1E7A4F7556}") = "Identity.Application", "src\Services\Identity\Identity.Application\Identity.Application.csproj", "{2E74C63F-8EE2-4350-9B65-E475C28FF06A}"
EndProject
Project("{9A19103F-16F7-4668-BE54-9A1E7A4F7556}") = "Identity.API", "src\Services\Identity\Identity.API\Identity.API.csproj", "{05C0E7BC-AE58-4732-A8D4-86FE4D2BFE7C}"
EndProject
Project("{2150E333-8FDC-42A3-9474-1A3956D46DE8}") = "HumanResource", "HumanResource", "{14BA3665-BE05-439A-95F9-C88CAFBAD003}"
EndProject
Project("{2150E333-8FDC-42A3-9474-1A3956D46DE8}") = "Tests", "Tests", "{8468AE69-7006-48C4-A6C1-CC9086292AFB}"
EndProject
Project("{2150E333-8FDC-42A3-9474-1A3956D46DE8}") = "HumanResource", "HumanResource", "{A4C1F8DA-BA7A-4FB0-8FDB-128771BD1283}"
EndProject
Project("{2150E333-8FDC-42A3-9474-1A3956D46DE8}") = "Identity", "Identity", "{BE5F9C4F-1CA4-484A-885E-B7F095C547C8}"
EndProject
Project("{2150E333-8FDC-42A3-9474-1A3956D46DE8}") = "IntegrationTests", "IntegrationTests", "{49E46420-3535-43DA-88DF-E016298EC5A5}"
EndProject
Project("{2150E333-8FDC-42A3-9474-1A3956D46DE8}") = "Deploy", "Deploy", "{C7EF8BE9-54B5-45B9-AE07-5DC792CB6A12}"
EndProject
Global
	GlobalSection(SolutionConfigurationPlatforms) = preSolution
		Debug|Any CPU = Debug|Any CPU
		Release|Any CPU = Release|Any CPU
	EndGlobalSection
	GlobalSection(ProjectConfigurationPlatforms) = postSolution
		{68E3AEE5-D55E-410F-BD61-27A2414A9F80}.Debug|Any CPU.ActiveCfg = Debug|Any CPU
		{68E3AEE5-D55E-410F-BD61-27A2414A9F80}.Debug|Any CPU.Build.0 = Debug|Any CPU
		{68E3AEE5-D55E-410F-BD61-27A2414A9F80}.Release|Any CPU.ActiveCfg = Release|Any CPU
		{68E3AEE5-D55E-410F-BD61-27A2414A9F80}.Release|Any CPU.Build.0 = Release|Any CPU
		{350532BD-31DB-4643-AA38-6BDEFA3D5485}.Debug|Any CPU.ActiveCfg = Debug|Any CPU
		{350532BD-31DB-4643-AA38-6BDEFA3D5485}.Debug|Any CPU.Build.0 = Debug|Any CPU
		{350532BD-31DB-4643-AA38-6BDEFA3D5485}.Release|Any CPU.ActiveCfg = Release|Any CPU
		{350532BD-31DB-4643-AA38-6BDEFA3D5485}.Release|Any CPU.Build.0 = Release|Any CPU
		{2E74C63F-8EE2-4350-9B65-E475C28FF06A}.Debug|Any CPU.ActiveCfg = Debug|Any CPU
		{2E74C63F-8EE2-4350-9B65-E475C28FF06A}.Debug|Any CPU.Build.0 = Debug|Any CPU
		{2E74C63F-8EE2-4350-9B65-E475C28FF06A}.Release|Any CPU.ActiveCfg = Release|Any CPU
		{2E74C63F-8EE2-4350-9B65-E475C28FF06A}.Release|Any CPU.Build.0 = Release|Any CPU
		{05C0E7BC-AE58-4732-A8D4-86FE4D2BFE7C}.Debug|Any CPU.ActiveCfg = Debug|Any CPU
		{05C0E7BC-AE58-4732-A8D4-86FE4D2BFE7C}.Debug|Any CPU.Build.0 = Debug|Any CPU
		{05C0E7BC-AE58-4732-A8D4-86FE4D2BFE7C}.Release|Any CPU.ActiveCfg = Release|Any CPU
		{05C0E7BC-AE58-4732-A8D4-86FE4D2BFE7C}.Release|Any CPU.Build.0 = Release|Any CPU
	EndGlobalSection
	GlobalSection(SolutionProperties) = preSolution
		HideSolutionNode = FALSE
	EndGlobalSection
	GlobalSection(NestedProjects) = preSolution
		{442BA88A-8860-40AF-89BF-50605FBC3978} = {C098B654-3567-4F5A-B872-F11870BB6820}
		{8094D405-6987-4D41-B046-740C4888EFA6} = {442BA88A-8860-40AF-89BF-50605FBC3978}
		{68E3AEE5-D55E-410F-BD61-27A2414A9F80} = {8094D405-6987-4D41-B046-740C4888EFA6}
		{350532BD-31DB-4643-AA38-6BDEFA3D5485} = {8094D405-6987-4D41-B046-740C4888EFA6}
		{2E74C63F-8EE2-4350-9B65-E475C28FF06A} = {8094D405-6987-4D41-B046-740C4888EFA6}
		{05C0E7BC-AE58-4732-A8D4-86FE4D2BFE7C} = {8094D405-6987-4D41-B046-740C4888EFA6}
		{14BA3665-BE05-439A-95F9-C88CAFBAD003} = {442BA88A-8860-40AF-89BF-50605FBC3978}
		{A4C1F8DA-BA7A-4FB0-8FDB-128771BD1283} = {8468AE69-7006-48C4-A6C1-CC9086292AFB}
		{BE5F9C4F-1CA4-484A-885E-B7F095C547C8} = {8468AE69-7006-48C4-A6C1-CC9086292AFB}
		{49E46420-3535-43DA-88DF-E016298EC5A5} = {8468AE69-7006-48C4-A6C1-CC9086292AFB}
	EndGlobalSection
	GlobalSection(ExtensibilityGlobals) = postSolution
		SolutionGuid = {CBE340A6-6957-43ED-A564-743252AAD28A}
	EndGlobalSection
EndGlobal
